
Microsoft Visual Studio Solution File, Format Version 12.00
Project("{FAE04EC0-301F-11D3-BF4B-00C04F79EFBC}") = "GestioneOrdini.Data", "GestioneOrdini.Data\GestioneOrdini.Data.csproj", "{C6EA12C2-1A5B-4B1A-82BC-2465ACEB9E1F}"
EndProject
Project("{FAE04EC0-301F-11D3-BF4B-00C04F79EFBC}") = "GestioneOrdini.IntegrationTests", "GestioneOrdini.IntegrationTests\GestioneOrdini.IntegrationTests.csproj", "{077A6B62-2DB9-4EC1-9E92-8AB760C26956}"
EndProject
Project("{FAE04EC0-301F-11D3-BF4B-00C04F79EFBC}") = "GestioneOrdini.Api", "GestioneOrdini.Api\GestioneOrdini.Api.csproj", "{833A0AB8-C33F-4D74-9865-EE12B3DAFDD7}"
EndProject
Global
	GlobalSection(SolutionConfigurationPlatforms) = preSolution
		Debug|Any CPU = Debug|Any CPU
		Release|Any CPU = Release|Any CPU
	EndGlobalSection
	GlobalSection(ProjectConfigurationPlatforms) = postSolution
		{C6EA12C2-1A5B-4B1A-82BC-2465ACEB9E1F}.Debug|Any CPU.ActiveCfg = Debug|Any CPU
		{C6EA12C2-1A5B-4B1A-82BC-2465ACEB9E1F}.Debug|Any CPU.Build.0 = Debug|Any CPU
		{C6EA12C2-1A5B-4B1A-82BC-2465ACEB9E1F}.Release|Any CPU.ActiveCfg = Release|Any CPU
		{C6EA12C2-1A5B-4B1A-82BC-2465ACEB9E1F}.Release|Any CPU.Build.0 = Release|Any CPU
		{077A6B62-2DB9-4EC1-9E92-8AB760C26956}.Debug|Any CPU.ActiveCfg = Debug|Any CPU
		{077A6B62-2DB9-4EC1-9E92-8AB760C26956}.Debug|Any CPU.Build.0 = Debug|Any CPU
		{077A6B62-2DB9-4EC1-9E92-8AB760C26956}.Release|Any CPU.ActiveCfg = Release|Any CPU
		{077A6B62-2DB9-4EC1-9E92-8AB760C26956}.Release|Any CPU.Build.0 = Release|Any CPU
		{833A0AB8-C33F-4D74-9865-EE12B3DAFDD7}.Debug|Any CPU.ActiveCfg = Debug|Any CPU
		{833A0AB8-C33F-4D74-9865-EE12B3DAFDD7}.Debug|Any CPU.Build.0 = Debug|Any CPU
		{833A0AB8-C33F-4D74-9865-EE12B3DAFDD7}.Release|Any CPU.ActiveCfg = Release|Any CPU
		{833A0AB8-C33F-4D74-9865-EE12B3DAFDD7}.Release|Any CPU.Build.0 = Release|Any CPU
	EndGlobalSection
EndGlobal
